
Microsoft Visual Studio Solution File, Format Version 12.00
# Visual Studio Version 17
VisualStudioVersion = 17.0.32014.148
MinimumVisualStudioVersion = 10.0.40219.1
Project("{FAE04EC0-301F-11D3-BF4B-00C04F79EFBC}") = "ClassLabNu", "ClassLabNu\ClassLabNu.csproj", "{6DB0A796-22A5-4937-BDDE-BCC4E28B2308}"
EndProject
Project("{FAE04EC0-301F-11D3-BF4B-00C04F79EFBC}") = "ComercialSys91", "ComercialSys91\ComercialSys91.csproj", "{BB9D4D14-2DC1-4883-B384-FED3D58C164D}"
EndProject
Global
	GlobalSection(SolutionConfigurationPlatforms) = preSolution
		Debug|Any CPU = Debug|Any CPU
		Release|Any CPU = Release|Any CPU
	EndGlobalSection
	GlobalSection(ProjectConfigurationPlatforms) = postSolution
		{6DB0A796-22A5-4937-BDDE-BCC4E28B2308}.Debug|Any CPU.ActiveCfg = Debug|Any CPU
		{6DB0A796-22A5-4937-BDDE-BCC4E28B2308}.Debug|Any CPU.Build.0 = Debug|Any CPU
		{6DB0A796-22A5-4937-BDDE-BCC4E28B2308}.Release|Any CPU.ActiveCfg = Release|Any CPU
		{6DB0A796-22A5-4937-BDDE-BCC4E28B2308}.Release|Any CPU.Build.0 = Release|Any CPU
		{BB9D4D14-2DC1-4883-B384-FED3D58C164D}.Debug|Any CPU.ActiveCfg = Debug|Any CPU
		{BB9D4D14-2DC1-4883-B384-FED3D58C164D}.Debug|Any CPU.Build.0 = Debug|Any CPU
		{BB9D4D14-2DC1-4883-B384-FED3D58C164D}.Release|Any CPU.ActiveCfg = Release|Any CPU
		{BB9D4D14-2DC1-4883-B384-FED3D58C164D}.Release|Any CPU.Build.0 = Release|Any CPU
	EndGlobalSection
	GlobalSection(SolutionProperties) = preSolution
		HideSolutionNode = FALSE
	EndGlobalSection
	GlobalSection(ExtensibilityGlobals) = postSolution
		SolutionGuid = {EA03EAF6-8F8E-4C45-868E-3328365A49F4}
	EndGlobalSection
EndGlobal
